{
  "requires": true,
  "lockfileVersion": 1,
  "dependencies": {
    "eslint-config-prettier": {
      "version": "7.1.0",
      "resolved": "https://artifactoryrepo.appslatam.com/artifactory/api/npm/npm/eslint-config-prettier/-/eslint-config-prettier-7.1.0.tgz",
      "integrity": "sha1-VALrVZqpS4lO/9a936CxygUchY8=",
      "dev": true
    }
  }
}
